version = 1
revision = 3
requires-python = ">=3.11"

[[package]]
name = "colorama"
version = "0.4.6"
source = { registry = "https://pypi.org/simple" }
sdist = { url = "https://files.pythonhosted.org/packages/d8/53/6f443c9a4a8358a93a6792e2acffb9d9d5cb0a5cfd8802644b7b1c9a02e4/colorama-0.4.6.tar.gz", hash = "sha256:08695f5cb7ed6e0531a20572697297273c47b8cae5a63ffc6d6ed5c201be6e44", size = 27697, upload-time = "2022-10-25T02:36:22.414Z" }
wheels = [
    { url = "https://files.pythonhosted.org/packages/d1/d6/3965ed04c63042e047cb6a3e6ed1a63a35087b6a609aa3a15ed8ac56c221/colorama-0.4.6-py2.py3-none-any.whl", hash = "sha256:4f1d9991f5acc0ca119f9d443620b77f9d6b33703e51011c16baf57afb285fc6", size = 25335, upload-time = "2022-10-25T02:36:20.889Z" },
]

[[package]]
name = "exifread"
version = "3.5.1"
source = { registry = "https://pypi.org/simple" }
sdist = { url = "https://files.pythonhosted.org/packages/e2/4e/d8fce8810d819db47f5b159e75223511c5ccd7ad07c2feca64cf7fab2477/exifread-3.5.1.tar.gz", hash = "sha256:9f998f80d3062741c976dfc4fd033424bc40932937994e4d2181eb70c4b6aedd", size = 56552, upload-time = "2025-08-23T21:59:18.123Z" }
wheels = [
    { url = "https://files.pythonhosted.org/packages/e2/a3/20e34a55c7b225110d3822d07c3cab9e8653d9c179e36783f2ed632a96a7/exifread-3.5.1-py3-none-any.whl", hash = "sha256:e5426ce2857423ad401e575ea9d159dc97449dc041fb6e61b35109caea72c311", size = 59742, upload-time = "2025-08-23T21:59:16.633Z" },
]

[[package]]
name = "photo-sorter"
version = "0.0.0"
source = { virtual = "." }
dependencies = [
    { name = "exifread" },
    { name = "pillow" },
    { name = "pillow-heif" },
    { name = "tqdm" },
]

[package.metadata]
requires-dist = [
    { name = "exifread", specifier = "<4" },
    { name = "pillow" },
    { name = "pillow-heif" },
    { name = "tqdm" },
]

[[package]]
name = "pillow"
version = "12.3.0"
source = { registry = "https://pypi.org/simple" }
sdist = { url = "https://files.pythonhosted.org/packages/1c/3d/bb7fca845737cf9d7dbde16ed1843984665ff2e0a518f5db43e77ec540b9/pillow-12.3.0.tar.gz", hash = "sha256:3b8182a766685eaa002637e28b4ec8d6b18819a0c71f579bf0dbaa5830297cce", size = 47025035, upload-time = "2026-07-01T11:56:38.965Z" }
wheels = [
    { url = "https://files.pythonhosted.org/packages/fb/c8/0a78b0e02d7ac54bc03e5321c9220da52f0c2ea83b21f7c40e7f3169c502/pillow-12.3.0-cp311-cp311-macosx_10_10_x86_64.whl", hash = "sha256:00808c5e14ef63ac5161091d242999076604ff74b883423a11e5d7bbb38bf756", size = 5392415, upload-time = "2026-07-01T11:53:47.162Z" },
    { url = "https://files.pythonhosted.org/packages/b2/5b/a02d30018abd97ced9f5a6c63d28597694a00d066516b9c1c6de45859fc9/pillow-12.3.0-cp311-cp311-macosx_11_0_arm64.whl", hash = "sha256:37d6d0a00072fd2948eb22bce7e1475f34569d90c87c59f7a2ec59541b77f7a6", size = 4785266, upload-time = "2026-07-01T11:53:49.079Z" },
    { url = "https://files.pythonhosted.org/packages/c8/98/766667a4be768150a202836acd9fad19c06824ca86c4286d3cf6b274964e/pillow-12.3.0-cp311-cp311-manylinux_2_27_aarch64.manylinux_2_28_aarch64.whl", hash = "sha256:bcb46e2f9feff8d06323983bd83ed00c201fdcab3d74973e7072a889b3979fcd", size = 6263814, upload-time = "2026-07-01T11:53:51.32Z" },
    { url = "https://files.pythonhosted.org/packages/3b/2d/ede717bc1144f63886c21fd349bb95860b0d1a21149ff16f2bb362b612b6/pillow-12.3.0-cp311-cp311-manylinux_2_27_x86_64.manylinux_2_28_x86_64.whl", hash = "sha256:23d27a3e0307ec2244cc51e7287b919aa68d097504ebe19df4e76a98a3eea5bd", size = 6934408, upload-time = "2026-07-01T11:53:53.487Z" },
    { url = "https://files.pythonhosted.org/packages/a3/48/9c58b685e69d49c31af6c8eb9012055fab7e665785165c84796e2c73ce72/pillow-12.3.0-cp311-cp311-musllinux_1_2_aarch64.whl", hash = "sha256:4f883547d4b7f0495ebe7056b0cc2aea76094e7a4abc8e933540f3271df27d9c", size = 6337160, upload-time = "2026-07-01T11:53:55.457Z" },
    { url = "https://files.pythonhosted.org/packages/ff/fa/dc2a5c0ba6df93f67c31d34b808b7ce440b40cdbf96f0b81cde1d1e6fa93/pillow-12.3.0-cp311-cp311-musllinux_1_2_x86_64.whl", hash = "sha256:236ff70b9312fb68943c703aa842ca6a758abfa45ac187a5e7c1452e96ef72b5", size = 7045172, upload-time = "2026-07-01T11:53:57.736Z" },
    { url = "https://files.pythonhosted.org/packages/86/a5/444817a4d4c4c2417df00513086ca196f388d8f9ef40c2e4ccd1ad1af54b/pillow-12.3.0-cp311-cp311-win32.whl", hash = "sha256:10e41f0fbf1eec8cfd234b8fe17a4caac7c9d0db4c204d3c173a8f9f6ef3232b", size = 6472232, upload-time = "2026-07-01T11:53:59.767Z" },
    { url = "https://files.pythonhosted.org/packages/63/c6/4bad1b18d132a50b27e1365e1ab163616f7a5bb56d330f66f9d1d9d4f9d4/pillow-12.3.0-cp311-cp311-win_amd64.whl", hash = "sha256:8e95e1385e4998ae9694eeaa4730ba5457ff61185b3a55e2e7bea0880aef452a", size = 7233653, upload-time = "2026-07-01T11:54:02.066Z" },
    { url = "https://files.pythonhosted.org/packages/fd/16/00f91ab7760dc842f5aad55217e80fc4a7067a0604535249bc8a2d6d9870/pillow-12.3.0-cp311-cp311-win_arm64.whl", hash = "sha256:ebaea975e03d3141d9d3a507df75c9b3ec90fa9d2ffd07567b3a978d9d790b26", size = 2568195, upload-time = "2026-07-01T11:54:04.622Z" },
    { url = "https://files.pythonhosted.org/packages/37/bf/fb3ebff8ddcb76aac5a01389251bbbb9519922a9b520d8247c1ca864a25d/pillow-12.3.0-cp312-cp312-macosx_10_13_x86_64.whl", hash = "sha256:ba09209fbe443b4acccebe845d8a138b89a8f4fbaeedd44953490b5315d5e965", size = 5345969, upload-time = "2026-07-01T11:54:06.397Z" },
    { url = "https://files.pythonhosted.org/packages/d8/66/9a386a92561f402389a4fc70c18838bf6d35eb5eb5c6850b4b2dc64f5048/pillow-12.3.0-cp312-cp312-macosx_11_0_arm64.whl", hash = "sha256:ffd0c5368496f41b0944be820fcb7a838aa6e623d250b01acf2643939c3f99d7", size = 4780323, upload-time = "2026-07-01T11:54:09.351Z" },
    { url = "https://files.pythonhosted.org/packages/25/27/ac8f99618ffd3dde21db0f4d4b1d2ab00c0880595bfd17df103f7f39fd0c/pillow-12.3.0-cp312-cp312-manylinux_2_27_aarch64.manylinux_2_28_aarch64.whl", hash = "sha256:d9c7f76c0673154f044e9d78c8655fb4213f6ca31a836df48b40fe5d187717b9", size = 6266838, upload-time = "2026-07-01T11:54:11.71Z" },
    { url = "https://files.pythonhosted.org/packages/84/21/a35af28dcc61f37ed850a2d64c65c701321dfbf25085e469d5559360cbbf/pillow-12.3.0-cp312-cp312-manylinux_2_27_x86_64.manylinux_2_28_x86_64.whl", hash = "sha256:78cb2c6865a35ab8ff8b75fd122f6033b92a62c82801110e48ddd6c936a45d91", size = 6940830, upload-time = "2026-07-01T11:54:13.732Z" },
    { url = "https://files.pythonhosted.org/packages/eb/51/8b08617af3ad95e33ce6d7dd2c99ed6c8298f7fb131636303956be022e25/pillow-12.3.0-cp312-cp312-musllinux_1_2_aarch64.whl", hash = "sha256:e491916b378fba47242221bb9ead245211b70d504f495d105d17b14a24b4907c", size = 6344383, upload-time = "2026-07-01T11:54:15.756Z" },
    { url = "https://files.pythonhosted.org/packages/1d/72/cf78ac9780bb93c28328f408973845a309d4d145041665f734572ced1b52/pillow-12.3.0-cp312-cp312-musllinux_1_2_x86_64.whl", hash = "sha256:0dd2064cbc55aaec028ef5fbb60fa47bb6c3e7918e07ff17935284b227a9d2df", size = 7052934, upload-time = "2026-07-01T11:54:17.721Z" },
    { url = "https://files.pythonhosted.org/packages/20/20/25e0f4dc178a6bc0696793720055519a0de89e7661dae886992decbd2f81/pillow-12.3.0-cp312-cp312-win32.whl", hash = "sha256:dbce0b29841537a2fa4a214c2bbf14de3587c9680caa9b4e217568472490b28f", size = 6472684, upload-time = "2026-07-01T11:54:19.839Z" },
    { url = "https://files.pythonhosted.org/packages/45/89/da2f7971a317f83d807fdd4065c0af40208e59e692cc43d315a71a0e96d1/pillow-12.3.0-cp312-cp312-win_amd64.whl", hash = "sha256:a2b55dd6b2a4c4b7d87ffa56bdb33fdc5fdb9a462173861a7bc097f17d91cb09", size = 7227137, upload-time = "2026-07-01T11:54:22.025Z" },
    { url = "https://files.pythonhosted.org/packages/de/47/4845a0a6c0dbf1db8456bd9fc791f13c5ced7ced20606d08a0aacfd25b49/pillow-12.3.0-cp312-cp312-win_arm64.whl", hash = "sha256:331b624368d4f1d069149002f25f44bc61c8919ce8ddb3c45bdad8f6e2d89510", size = 2568267, upload-time = "2026-07-01T11:54:24.051Z" },
    { url = "https://files.pythonhosted.org/packages/9d/ac/31fb64e1e7efb5a4b50cd3d92049ba89ac6e4d8d3bb6a74e15048ca3353e/pillow-12.3.0-cp313-cp313-ios_13_0_arm64_iphoneos.whl", hash = "sha256:21900ce7ba264168cd50defae43cd75d25c833ad4ad6e73ffc5596d12e25ac89", size = 4161684, upload-time = "2026-07-01T11:54:25.934Z" },
    { url = "https://files.pythonhosted.org/packages/87/b4/9805e23d2b4d77842b468513841fda254ee42f0289d25088340e4ff46e2d/pillow-12.3.0-cp313-cp313-ios_13_0_arm64_iphonesimulator.whl", hash = "sha256:4e8c2a84d977f50b9daed6eeaf3baef67d00d5d74d932288f02cb94518ee3ace", size = 4255487, upload-time = "2026-07-01T11:54:27.935Z" },
    { url = "https://files.pythonhosted.org/packages/df/39/ecf519435a200c693fe053a6ee4d835b41cf963a4dfc2551c4e637cb2a71/pillow-12.3.0-cp313-cp313-ios_13_0_x86_64_iphonesimulator.whl", hash = "sha256:ae26d61dfa7a47befdc7572b521024e8745f3d809bd95ca9505a7bba9ef849ec", size = 3696433, upload-time = "2026-07-01T11:54:29.813Z" },
    { url = "https://files.pythonhosted.org/packages/42/92/2fc3ffad878ae8dd5469ec1bc8eb83b71f48e13efdf68f02709003982a32/pillow-12.3.0-cp313-cp313-macosx_10_13_x86_64.whl", hash = "sha256:7a743ff716f746fc19a9557f60dab1600d4613255f8a7aeb3cdde4db7eb15a66", size = 5345889, upload-time = "2026-07-01T11:54:31.97Z" },
    { url = "https://files.pythonhosted.org/packages/10/76/8803c13605b763d33d156c4678fc77f8443389c0c51c8aef707bb02015f4/pillow-12.3.0-cp313-cp313-macosx_11_0_arm64.whl", hash = "sha256:d69141514cc30b774ceea5e3ed3a6635c8d8a96edf664689b890f4089111fb35", size = 4780109, upload-time = "2026-07-01T11:54:34.026Z" },
    { url = "https://files.pythonhosted.org/packages/1f/01/e18aff37cb0b4aac47ac90f016d347a49aca667ef97f190b06ac2aabc928/pillow-12.3.0-cp313-cp313-manylinux_2_27_aarch64.manylinux_2_28_aarch64.whl", hash = "sha256:f7401aebd7f581d7f83a439d87d474999317ee099218e5ad25d125290990ba65", size = 6263736, upload-time = "2026-07-01T11:54:36.131Z" },
    { url = "https://files.pythonhosted.org/packages/f7/62/de5bdd77d935331f4f802edc11e4d82950f642caad6cb2f949837b8560e2/pillow-12.3.0-cp313-cp313-manylinux_2_27_x86_64.manylinux_2_28_x86_64.whl", hash = "sha256:0847a763afefb695bc912d7c131e7e0632d4edc1d8698f58ddabec8e46b8b6d3", size = 6937129, upload-time = "2026-07-01T11:54:38.216Z" },
    { url = "https://files.pythonhosted.org/packages/70/4d/105627a13300c5e0df1d174230b32fd1273062c96f7745fd552b945d1e1d/pillow-12.3.0-cp313-cp313-musllinux_1_2_aarch64.whl", hash = "sha256:571b9fcb07b97ef3a492028fb3d2dc0993ca23a06138b0315286566d29ef718a", size = 6339562, upload-time = "2026-07-01T11:54:40.354Z" },
    { url = "https://files.pythonhosted.org/packages/6b/1d/f13de01a553988ab895ba1c722e06cf3144d4f57656fd5b81b6d881f1179/pillow-12.3.0-cp313-cp313-musllinux_1_2_x86_64.whl", hash = "sha256:756c768d0c9c2955feb7a56c37ea24aea2e369f8d36a88da270b6a9f19e62b5e", size = 7049439, upload-time = "2026-07-01T11:54:42.489Z" },
    { url = "https://files.pythonhosted.org/packages/c9/f9/066794cca041b969964f779ee5fa66a9498bbf34248ac39c5d7954e4198f/pillow-12.3.0-cp313-cp313-win32.whl", hash = "sha256:a876864214e136f0eb367788dbd7df045f4806801518e2cfe9e13229cfe06d8f", size = 6473287, upload-time = "2026-07-01T11:54:44.9Z" },
    { url = "https://files.pythonhosted.org/packages/a6/9b/7a58e61d62be561da3a356fe2384d4059a6345fc130e23ef1c36a5b81d24/pillow-12.3.0-cp313-cp313-win_amd64.whl", hash = "sha256:1cca606cd25738df4ed873d5ad46bbdb3d83b5cbca291f6b4ff13a4df6b0bbe8", size = 7239691, upload-time = "2026-07-01T11:54:47.141Z" },
    { url = "https://files.pythonhosted.org/packages/aa/b0/c4ed4f0ef8f8fa5ee8351537db6650bb8189f7e118842978dd6589065692/pillow-12.3.0-cp313-cp313-win_arm64.whl", hash = "sha256:b629de27fda84b42cde7edef0d85f13b958b47f6e9bbcbba9b673c562a89bd8b", size = 2568185, upload-time = "2026-07-01T11:54:49.137Z" },
    { url = "https://files.pythonhosted.org/packages/dc/01/001f65b68192f0228cc1dbbc8d2530ab5d58b61037ba0587f946fea607cd/pillow-12.3.0-cp314-cp314-ios_13_0_arm64_iphoneos.whl", hash = "sha256:9cf95fe4d0f84c82d282745d9bb08ad9f926efa00be4697e767b814ce40d4330", size = 4161736, upload-time = "2026-07-01T11:54:51.156Z" },
    { url = "https://files.pythonhosted.org/packages/1a/d2/0219746d0fd16fc8a84498e79452375be3797d3ce4044596ce565164b84f/pillow-12.3.0-cp314-cp314-ios_13_0_arm64_iphonesimulator.whl", hash = "sha256:8728f216dcdb6e6d555cf971cb34076139ad74b31fc2c14da4fafc741c5f6217", size = 4255435, upload-time = "2026-07-01T11:54:53.414Z" },
    { url = "https://files.pythonhosted.org/packages/c8/02/8d0bc62ef0302318c46ff2a512822d2610e81c7aa46c9b3abe6cbaca5ad0/pillow-12.3.0-cp314-cp314-ios_13_0_x86_64_iphonesimulator.whl", hash = "sha256:a45650e8ce7fafffd731db8550230db6b0d306d181a90b67d3e6bca2f1990930", size = 3696262, upload-time = "2026-07-01T11:54:55.739Z" },
    { url = "https://files.pythonhosted.org/packages/85/e2/73c77d218410b14f5f2d565e8a998d5317b7b9c75368d29985139f7a46f0/pillow-12.3.0-cp314-cp314-macosx_10_15_x86_64.whl", hash = "sha256:ba54cfebe86920a559a7c4d6b9050791c20513650a1952ebe3368c7dc70306f8", size = 5350344, upload-time = "2026-07-01T11:54:57.657Z" },
    { url = "https://files.pythonhosted.org/packages/c7/da/32c752228ae345f489e3a42499d817b6c3996da7e8a3bc7a04fc806b243b/pillow-12.3.0-cp314-cp314-macosx_11_0_arm64.whl", hash = "sha256:e158cb00350dc278f3b91551101aa7d12415a66ebf2c91d8d5ac14e56ddd3ad0", size = 4780131, upload-time = "2026-07-01T11:54:59.713Z" },
    { url = "https://files.pythonhosted.org/packages/b1/9d/8b2c807dbef61a5197c047afe99823787eb66f63daf9fb2432f91d6f0462/pillow-12.3.0-cp314-cp314-manylinux_2_27_aarch64.manylinux_2_28_aarch64.whl", hash = "sha256:e9aeb04d6aef139de265b29683e119b638208f88cf73cdd1658aa07221165321", size = 6263757, upload-time = "2026-07-01T11:55:01.778Z" },
    { url = "https://files.pythonhosted.org/packages/5c/44/c85361f65dbe00eea8576ee467c768d25129989efb76e94f205e9ca9bb46/pillow-12.3.0-cp314-cp314-manylinux_2_27_x86_64.manylinux_2_28_x86_64.whl", hash = "sha256:251bf95b67017e27b13d82f5b326234ca62d70f9cf4c2b9032de2358a3b12c7b", size = 6936962, upload-time = "2026-07-01T11:55:03.93Z" },
    { url = "https://files.pythonhosted.org/packages/18/7e/e483414b35800b86b6f08dbbc7803fb5cd52c4d6f897f47d53ea2c7e6f65/pillow-12.3.0-cp314-cp314-musllinux_1_2_aarch64.whl", hash = "sha256:fe3cca2e4e8a592be0f269a1ca4835c25199d9f3ce815c8491048f785b0a0198", size = 6339171, upload-time = "2026-07-01T11:55:05.989Z" },
    { url = "https://files.pythonhosted.org/packages/f0/f4/68c491844841ede6bed70189546b3ee9731cf9f2cbad396faff5e1ccba45/pillow-12.3.0-cp314-cp314-musllinux_1_2_x86_64.whl", hash = "sha256:23aceaa007d6172b02c277f0cd359c79492bbb14f7072b4ede9fbcaf20648130", size = 7048116, upload-time = "2026-07-01T11:55:08.131Z" },
    { url = "https://files.pythonhosted.org/packages/a3/34/77f3f793fed8efc7d243f21b33c5a3f0d1c97ee70346d3db855587e155ff/pillow-12.3.0-cp314-cp314-win32.whl", hash = "sha256:af8d94b0db561cf68b88a267c5c44b49e134f525d0dc2cb7ed413a66bc23559a", size = 6467209, upload-time = "2026-07-01T11:55:10.408Z" },
    { url = "https://files.pythonhosted.org/packages/f1/e0/492879f69d94f91f60fc8cd05ba03650e9520afebb2fb7aa12777d7c7f38/pillow-12.3.0-cp314-cp314-win_amd64.whl", hash = "sha256:fdafc9cce40277e0f7a0feabce0ee50dd2fa1800f3b38015e51296b5e814048d", size = 7237707, upload-time = "2026-07-01T11:55:12.745Z" },
    { url = "https://files.pythonhosted.org/packages/c9/ac/6b11f2875f1c2ac040d84e1bbf9cf22a88038f901ca1037898b280b38365/pillow-12.3.0-cp314-cp314-win_arm64.whl", hash = "sha256:e91206ee562682b51b98ef4b26a6ef48fd84e15fd4c4bc5ec768eb641d206838", size = 2565995, upload-time = "2026-07-01T11:55:14.736Z" },
    { url = "https://files.pythonhosted.org/packages/52/69/c2208e56af9bfc1913afb24020297a691eb1d4ef688474c8a04913f65e04/pillow-12.3.0-cp314-cp314t-macosx_10_15_x86_64.whl", hash = "sha256:164b31cd1a0490ab6efae01aa5df49da7061be0af1b30e035b6e9a1bfe34ee6e", size = 5352503, upload-time = "2026-07-01T11:55:17.076Z" },
    { url = "https://files.pythonhosted.org/packages/07/70/e5686d753e898a45d778ff1718dba8516ead6ab6b95d85fc8c4b70650cf2/pillow-12.3.0-cp314-cp314t-macosx_11_0_arm64.whl", hash = "sha256:5afb51d599ea772b8365ae807ae557f18bccfe46ab261fd1c2a9ed700fc6eb17", size = 4782956, upload-time = "2026-07-01T11:55:19.448Z" },
    { url = "https://files.pythonhosted.org/packages/d5/37/25c6692f06927ee973ff18c8d9ee98ad0b4d84ee67a09610c2dd1447958e/pillow-12.3.0-cp314-cp314t-manylinux_2_27_aarch64.manylinux_2_28_aarch64.whl", hash = "sha256:3edce1d53195db527e0191f84b71d02022de0540bf43a16ed734ed7537b07385", size = 6322855, upload-time = "2026-07-01T11:55:21.613Z" },
    { url = "https://files.pythonhosted.org/packages/cc/91/420637fcb8f1bc11029e403b4538e6694744428d8246118e45719f944556/pillow-12.3.0-cp314-cp314t-manylinux_2_27_x86_64.manylinux_2_28_x86_64.whl", hash = "sha256:bf16ba1b4d0b6b7c8e534936632270cf70eb00dbe09005bc345b2677b726855c", size = 6989642, upload-time = "2026-07-01T11:55:24.006Z" },
    { url = "https://files.pythonhosted.org/packages/10/08/b94d7811281ccf0d143a1cf768d1c49e1e54af63e7b708ab2ee3eb87face/pillow-12.3.0-cp314-cp314t-musllinux_1_2_aarch64.whl", hash = "sha256:24870b09b224f7ae3c39ed07d10e819d06f8720bc551847b1d623832b5b0e28d", size = 6391281, upload-time = "2026-07-01T11:55:26.252Z" },
    { url = "https://files.pythonhosted.org/packages/d2/87/24233f785f55474dc02ce3e739c5528a77e3a862e9333d1dd7a25cc31f70/pillow-12.3.0-cp314-cp314t-musllinux_1_2_x86_64.whl", hash = "sha256:30f2aa603c41533cc25c05acd0da21636e84a315768feb631c937177db558931", size = 7096716, upload-time = "2026-07-01T11:55:28.318Z" },
    { url = "https://files.pythonhosted.org/packages/23/26/fcb2f6e37175b04f53570b59937867e2b80ee1685e744023153028fc14f9/pillow-12.3.0-cp314-cp314t-win32.whl", hash = "sha256:4b0a7fe987b14c31ebda6083f74f22b561fd3739bc0ac51e019622e3d72668c7", size = 6474125, upload-time = "2026-07-01T11:55:30.956Z" },
    { url = "https://files.pythonhosted.org/packages/90/de/3634abee5f1c9e13c56787b7d5517b0ba8d6de51700b95578cf338349c9f/pillow-12.3.0-cp314-cp314t-win_amd64.whl", hash = "sha256:962864dc93511324d51ddbb5b9f8731bf71675b93ca612a07441896f4688fb8c", size = 7242939, upload-time = "2026-07-01T11:55:34.044Z" },
    { url = "https://files.pythonhosted.org/packages/ce/2a/fd13f8eb24de5714a6eb444a3d67e2842c6c576e159a43793adf23051351/pillow-12.3.0-cp314-cp314t-win_arm64.whl", hash = "sha256:0740a512dc522224c77d9aa5a8d70d8b7d73fb91f2c21125d8d025d3b8990e45", size = 2567506, upload-time = "2026-07-01T11:55:35.988Z" },
    { url = "https://files.pythonhosted.org/packages/5d/dc/8fdce34ec725a33c81c6ba122b904d6b9024e50ea9ac7bede62fab54506c/pillow-12.3.0-cp315-cp315-ios_13_0_arm64_iphoneos.whl", hash = "sha256:0feb2e9d6ad6c9e3c06effe9d00f3f1e618a6643273576b016f591e9315a7139", size = 4162063, upload-time = "2026-07-01T11:55:37.941Z" },
    { url = "https://files.pythonhosted.org/packages/76/66/2044b9a63d3b84ff048228dfcb7cd9bf0df983e8470971bf7d4c57b693de/pillow-12.3.0-cp315-cp315-ios_13_0_arm64_iphonesimulator.whl", hash = "sha256:9e881fca225083806662a5c43d627d215f258ff43c890f831966c7d7ba9c7402", size = 4255549, upload-time = "2026-07-01T11:55:40.022Z" },
    { url = "https://files.pythonhosted.org/packages/52/7e/1f67e6f4ece6b582ee4b539decbcc9f848dc245a93ed8cd7338bafef72f1/pillow-12.3.0-cp315-cp315-ios_13_0_x86_64_iphonesimulator.whl", hash = "sha256:4998562bf62a445225f22e07c896bb04b35b1b1f2eb6d760584c9c51d7a5f78c", size = 3696331, upload-time = "2026-07-01T11:55:41.98Z" },
    { url = "https://files.pythonhosted.org/packages/12/40/d306fc2c8e4d45d7f175c77edca7063be7b86fe7fe6e68f4353bf71d808c/pillow-12.3.0-cp315-cp315-macosx_10_15_x86_64.whl", hash = "sha256:dc624f6bc473dacdf7ef7eb8678d0d08edf15cd94fad6ae5c7d6cc67a4e4902f", size = 5350370, upload-time = "2026-07-01T11:55:44.028Z" },
    { url = "https://files.pythonhosted.org/packages/dd/44/668fb1437e8ce420f62d6106eb66e44a5971602a4d794615bdf79315d82d/pillow-12.3.0-cp315-cp315-macosx_11_0_arm64.whl", hash = "sha256:71d6097b330eea8fd15097780c8e89cb1a8ce7838669f48c5bacd6f663dd4701", size = 4780147, upload-time = "2026-07-01T11:55:46.073Z" },
    { url = "https://files.pythonhosted.org/packages/0c/08/93fa2e70e30a2d81547e481b6ee2bb9522117221fb1e0ce4b5df70967677/pillow-12.3.0-cp315-cp315-manylinux_2_27_aarch64.manylinux_2_28_aarch64.whl", hash = "sha256:28ce87c5ab450a9dd970b52e5aca5fe63ed432d18a2eaddd1979a00a1ba24ace", size = 6273659, upload-time = "2026-07-01T11:55:48.264Z" },
    { url = "https://files.pythonhosted.org/packages/f8/6d/043e96ff814fc31a33077e4cba86082167db520c93632afdf2042febbb0c/pillow-12.3.0-cp315-cp315-manylinux_2_27_x86_64.manylinux_2_28_x86_64.whl", hash = "sha256:6b02afb9b97f65fbca5f31db6a2a3ba21aa93030225f150fa3f249717e938fb4", size = 6947439, upload-time = "2026-07-01T11:55:50.503Z" },
    { url = "https://files.pythonhosted.org/packages/af/92/ba71d2ee2ac0edf3fa33bd9d5ee9ee080da70b1766f3ca3934f9938ddac9/pillow-12.3.0-cp315-cp315-musllinux_1_2_aarch64.whl", hash = "sha256:1182d52bc2d5e5d7d0949503aa7e36d12f42205dc287e4883f407b1988820d39", size = 6353577, upload-time = "2026-07-01T11:55:52.697Z" },
    { url = "https://files.pythonhosted.org/packages/0f/ce/e63064e2122923ff687c8ad792d0d736a7b3920a56a46982e81a7fdd25d6/pillow-12.3.0-cp315-cp315-musllinux_1_2_x86_64.whl", hash = "sha256:e795b7eb908249c4e43c7c99fac7c2c75dab0c43566e37db472a355f63693d71", size = 7060394, upload-time = "2026-07-01T11:55:55.149Z" },
    { url = "https://files.pythonhosted.org/packages/54/76/a09cc3ccc8d773a7283d34c38bec1708f9e3cc932093cbc4c5e71ac4060b/pillow-12.3.0-cp315-cp315-win32.whl", hash = "sha256:57b3d78c95ba9059768b10e28b813002261d3f3dfc55cc48b0c988f625175827", size = 6467375, upload-time = "2026-07-01T11:55:57.769Z" },
    { url = "https://files.pythonhosted.org/packages/3e/03/1846c49ba3b1d5550392a4bbd06d6fb4578e1cd91a803198b5c90f5f7d53/pillow-12.3.0-cp315-cp315-win_amd64.whl", hash = "sha256:fa4ecea169a355be7a3ade2c783e2ed12f0e40d2c5621cda8b3297faf7fbb9f5", size = 7237048, upload-time = "2026-07-01T11:55:59.975Z" },
    { url = "https://files.pythonhosted.org/packages/fb/bb/89f35dcc79610423f9f195504d7def7f0d1416a711541b42867e25fe3412/pillow-12.3.0-cp315-cp315-win_arm64.whl", hash = "sha256:877c3f311ff35410f690861c4409e7ccbf0cd2f878e50628a28e5a0bb689e658", size = 2566006, upload-time = "2026-07-01T11:56:02.143Z" },
    { url = "https://files.pythonhosted.org/packages/30/88/707027ba09942dfa2c28759b5c222d769290a41c6d20ea60ec250801941f/pillow-12.3.0-cp315-cp315t-macosx_10_15_x86_64.whl", hash = "sha256:e9871b1ffbfa9656b60aeee92ed5136a5742696006fa322b29ea3d8da0ecc9cf", size = 5352509, upload-time = "2026-07-01T11:56:04.2Z" },
    { url = "https://files.pythonhosted.org/packages/b0/6d/00352fa25332c2569cd387851f568cc5a4b75a9adbfb37ac4fbce4c02eec/pillow-12.3.0-cp315-cp315t-macosx_11_0_arm64.whl", hash = "sha256:53aa02d20d10c3d814d536aa4e5ac9b84ca0ff5a88377963b085ad6822f93e64", size = 4783167, upload-time = "2026-07-01T11:56:06.631Z" },
    { url = "https://files.pythonhosted.org/packages/13/4f/9e049dfa21af7c22427275720e2490267ba8138120add5c4c574deb69782/pillow-12.3.0-cp315-cp315t-manylinux_2_27_aarch64.manylinux_2_28_aarch64.whl", hash = "sha256:446c34dcc4324b084a53b705127dc15717b22c5e140ae0a3c38349d4efec071e", size = 6329237, upload-time = "2026-07-01T11:56:08.868Z" },
    { url = "https://files.pythonhosted.org/packages/36/16/cf6eeaae8d0fce8dd390a33437cf68c5d5bd73834a2bc6e2f14efda0ab45/pillow-12.3.0-cp315-cp315t-manylinux_2_27_x86_64.manylinux_2_28_x86_64.whl", hash = "sha256:cf1845d02ad822a369a49f2bb9345b1614744267682e7a03527dc3bf6eea1777", size = 6997047, upload-time = "2026-07-01T11:56:11.379Z" },
    { url = "https://files.pythonhosted.org/packages/1e/69/dbf769bdd55f48bf5733cac28edc6364ffaa072ec9ba336266e4fe66be55/pillow-12.3.0-cp315-cp315t-musllinux_1_2_aarch64.whl", hash = "sha256:186941b6aef820ad110fb01fb06eb925374dc3a21b17e37ec9a53b250c6fe2d1", size = 6400440, upload-time = "2026-07-01T11:56:13.908Z" },
    { url = "https://files.pythonhosted.org/packages/a0/e1/ffc9cfc2eea0d178da8018e18e959301ad9d6bc9f3edb7181e748a474b97/pillow-12.3.0-cp315-cp315t-musllinux_1_2_x86_64.whl", hash = "sha256:f13c32a3abd6079a66d9526e18dad9b6d280384d49d7c54040cd57b6424041d9", size = 7105895, upload-time = "2026-07-01T11:56:16.575Z" },
    { url = "https://files.pythonhosted.org/packages/18/f0/a5595c1e8c3ae44b9828cb2f0fa8155e5095ef04d6327b8f61cf44a3df85/pillow-12.3.0-cp315-cp315t-win32.whl", hash = "sha256:1657923d2d45afb66526e5b933e5b3052e6bdea196c90d3abb2424e18c77dae8", size = 6474384, upload-time = "2026-07-01T11:56:18.855Z" },
    { url = "https://files.pythonhosted.org/packages/e4/04/62bcd9f844984c5938d3b05264a61d797a29d3e0812341a8204af70bbdee/pillow-12.3.0-cp315-cp315t-win_amd64.whl", hash = "sha256:8cd2f7bdda092d99c9fc2fb7391354f306d01443d22785d0cbfafa2e2c8bb418", size = 7243537, upload-time = "2026-07-01T11:56:21.214Z" },
    { url = "https://files.pythonhosted.org/packages/3d/68/1f3066acedf37673694a7141381d8f811ae97f30d34413d236abe7d489f1/pillow-12.3.0-cp315-cp315t-win_arm64.whl", hash = "sha256:06ff022112bc9cbf83b60f8e028d94ad87b60621706487e65f673de61610ab59", size = 2567491, upload-time = "2026-07-01T11:56:23.506Z" },
    { url = "https://files.pythonhosted.org/packages/75/18/2e8b40223153ccbc60df07f9e8928dc0c76202aa4e55ae9f53962b6510d6/pillow-12.3.0-pp311-pypy311_pp73-macosx_10_15_x86_64.whl", hash = "sha256:b3c777e849237620b022f7f297dd67705f9f5cf1685f09f02e46f93e92725468", size = 5302510, upload-time = "2026-07-01T11:56:25.736Z" },
    { url = "https://files.pythonhosted.org/packages/46/3e/51fabf59d5ab801ceab709453d3ab6b180083496579549de4c45ced6528a/pillow-12.3.0-pp311-pypy311_pp73-macosx_11_0_arm64.whl", hash = "sha256:b343699e8308bdc51978310e1c959c584e7869cc8c40780058c87da7781a1e94", size = 4736058, upload-time = "2026-07-01T11:56:28.041Z" },
    { url = "https://files.pythonhosted.org/packages/bf/20/22fe9384b7949e25fb1293bcfc84fb82590ff4ea6b37c95b24d26d793d86/pillow-12.3.0-pp311-pypy311_pp73-manylinux_2_27_aarch64.manylinux_2_28_aarch64.whl", hash = "sha256:fbd139c8447d25dd750ab79ee274cc5e1fe80fc56340ab10b18a195e1b6eca3e", size = 5237776, upload-time = "2026-07-01T11:56:30.263Z" },
    { url = "https://files.pythonhosted.org/packages/08/14/f6ba68107680ffa74b39985f3f30884e41318fbc4250caa423c79b4788bb/pillow-12.3.0-pp311-pypy311_pp73-manylinux_2_27_x86_64.manylinux_2_28_x86_64.whl", hash = "sha256:e7e480451b9fa137494bccd3a7d69adbe8ac65a87d97be61e11f1b1050a5bac3", size = 5860358, upload-time = "2026-07-01T11:56:32.68Z" },
    { url = "https://files.pythonhosted.org/packages/36/54/0169bc772ec491108b62f644f8ecf1fe5d8ae5ebafde2ee2142210166903/pillow-12.3.0-pp311-pypy311_pp73-win_amd64.whl", hash = "sha256:04f01d28a6aaff387bf842a13be313df23ba0597a44f1a976c9feb3c6ff4711a", size = 7231786, upload-time = "2026-07-01T11:56:35.046Z" },
]

[[package]]
name = "pillow-heif"
version = "1.7.0"
source = { registry = "https://pypi.org/simple" }
dependencies = [
    { name = "pillow" },
]
sdist = { url = "https://files.pythonhosted.org/packages/e8/be/0202b6492a225ec0a6cebc615fbf587179a72cf3a7fa91c0753cba7b986f/pillow_heif-1.7.0.tar.gz", hash = "sha256:1caa5a97364665d45056d25be302e586c39df64ee42ce55241e3735e089809ed", size = 17118169, upload-time = "2026-09-06T09:36:53.109Z" }
wheels = [
    { url = "https://files.pythonhosted.org/packages/3e/4b/5f2ea81e48a683423d1eeb4eed1052b4873c6b2a16891b1e87ddac4fbc8e/pillow_heif-1.7.0-cp311-cp311-macosx_10_15_x86_64.whl", hash = "sha256:bfa2e9607d13d6d2dc8fa14916bac5e8793bcebdb7357d41a7dca6754a6d6967", size = 4759580, upload-time = "2026-09-06T09:34:41.679Z" },
    { url = "https://files.pythonhosted.org/packages/af/97/a3bc9b757a80beb7dd1a341e246070587f082529e27b6692ccb45cda286f/pillow_heif-1.7.0-cp311-cp311-macosx_11_0_arm64.whl", hash = "sha256:0e33fc164268d96ce119e2bee43311bae77a7e770f3b6fc38deef082adaee5b3", size = 4277407, upload-time = "2026-09-06T09:34:43.798Z" },
    { url = "https://files.pythonhosted.org/packages/08/be/8c399b9ac1af825e1b45a57b65f7955cd5918fcd50b6ef974958934aadb5/pillow_heif-1.7.0-cp311-cp311-manylinux_2_26_aarch64.manylinux_2_28_aarch64.whl", hash = "sha256:2e7280cbb6db614a6dd88b71c1d7eb7e9cfc2e0d58e733afdae85e3227a63306", size = 6368897, upload-time = "2026-09-06T09:34:45.763Z" },
    { url = "https://files.pythonhosted.org/packages/97/5e/7d3e1f4d88b811e43df85b5094238d43e093fbf82589a8a8dab413130cf2/pillow_heif-1.7.0-cp311-cp311-manylinux_2_27_x86_64.manylinux_2_28_x86_64.whl", hash = "sha256:d7b31b45bfab2b3f6893199bd13387283445ba656d2febb13c386fc749b2438a", size = 5621744, upload-time = "2026-09-06T09:34:47.621Z" },
    { url = "https://files.pythonhosted.org/packages/8e/d4/6d72d93d2ee681c9b2ed0c45bc21a20f6a7ae2235d62a6853537fd3d767c/pillow_heif-1.7.0-cp311-cp311-musllinux_1_2_aarch64.whl", hash = "sha256:0049ecf390e7915e753e585651d22134284176ae583e54c4b863330c838a9835", size = 7401602, upload-time = "2026-09-06T09:34:49.885Z" },
    { url = "https://files.pythonhosted.org/packages/00/d9/24dc10716589dc748d3b48effbc8f3c5d974fd708fc404301a5f54593118/pillow_heif-1.7.0-cp311-cp311-musllinux_1_2_x86_64.whl", hash = "sha256:9abac47964c29585f8c7914ec8cff0a010723a0a127cf6efe9ee78a7aa91c2a9", size = 6656918, upload-time = "2026-09-06T09:34:51.894Z" },
    { url = "https://files.pythonhosted.org/packages/69/3a/6af9a351fef29ff408223ea930e2be58ca8b3ee1e318bea7359d8636f54b/pillow_heif-1.7.0-cp311-cp311-win_amd64.whl", hash = "sha256:8654b111c2d5cacbb603dbb2a01931421489a26a391d810b81400e4f97478650", size = 6583495, upload-time = "2026-09-06T09:34:54.347Z" },
    { url = "https://files.pythonhosted.org/packages/1f/51/44b6d35226091f0c25df12d3ce6b50de938c5b21f5e7dd3016270e0c85e5/pillow_heif-1.7.0-cp311-cp311-win_arm64.whl", hash = "sha256:c6111f39c197a78dac0cdbd19bf85f45dfea3847dd57f39af7c28ac538bea5b7", size = 3851336, upload-time = "2026-09-06T09:34:56.514Z" },
    { url = "https://files.pythonhosted.org/packages/6e/ee/ec6ee6fc94088f213ab17738966f9670e832f18a6b5d03ceba1e74dfa653/pillow_heif-1.7.0-cp312-cp312-macosx_10_15_x86_64.whl", hash = "sha256:cba79f030caf9e543b6c9a7c77cd8df465785bc6dcc1361b3fd5f905b3ca4e01", size = 4759735, upload-time = "2026-09-06T09:34:58.392Z" },
    { url = "https://files.pythonhosted.org/packages/bc/4f/15a43142f42d29e302d3054df18bdbedc744af4002b490deea74cf543ce9/pillow_heif-1.7.0-cp312-cp312-macosx_11_0_arm64.whl", hash = "sha256:a1f1d001576e4cc2a37f1a7a3c06b3241e7966be16670789daba428a3edf8e30", size = 4279520, upload-time = "2026-09-06T09:35:00.316Z" },
    { url = "https://files.pythonhosted.org/packages/7b/17/5bc352ebdc2924edcb3798d284416dfb77f5d90c7c08273104bda7edeeac/pillow_heif-1.7.0-cp312-cp312-manylinux_2_26_aarch64.manylinux_2_28_aarch64.whl", hash = "sha256:f23113505672a6c55e88d7c96cbd82f3d8a5f902d31a3c071be96a9a7e98c5dc", size = 6366611, upload-time = "2026-09-06T09:35:02.208Z" },
    { url = "https://files.pythonhosted.org/packages/3a/4d/b7be3eebd23e042b738ee57ed211e5fc0d6fc037b24e0047f99e3a16ba9c/pillow_heif-1.7.0-cp312-cp312-manylinux_2_27_x86_64.manylinux_2_28_x86_64.whl", hash = "sha256:7c4751fcffb55f555a7559cfa6721bdfb30f50f14b7f0cbd2b1cba3b5d5961b7", size = 5620429, upload-time = "2026-09-06T09:35:04.15Z" },
    { url = "https://files.pythonhosted.org/packages/76/c4/b4cc21989894938e49b20a6c58e14719ce8a8b2991b1c297d92bf9525442/pillow_heif-1.7.0-cp312-cp312-musllinux_1_2_aarch64.whl", hash = "sha256:b37df3c08df3401085737e7ed68026398046eb01a8850df27b7a461e9045ed92", size = 7399452, upload-time = "2026-09-06T09:35:06.321Z" },
    { url = "https://files.pythonhosted.org/packages/92/0d/272a1b5ba521dc1448a434a7a043861b0a9b5264e470d40c6cfd02efa6fa/pillow_heif-1.7.0-cp312-cp312-musllinux_1_2_x86_64.whl", hash = "sha256:b156781538370f3b30a3d2e9899d71a5bc1c89c7e5264123e55d21153e0aa555", size = 6655604, upload-time = "2026-09-06T09:35:08.255Z" },
    { url = "https://files.pythonhosted.org/packages/e6/f7/5bf5eb718f0c4dfb844f012b787943d75ca1bc5c1eb83bfc049430d86080/pillow_heif-1.7.0-cp312-cp312-win_amd64.whl", hash = "sha256:bf8e46cfe653a9a43830a7e9993ddf70dcf3877c474b7f1c1e8364d0c85214a5", size = 6583574, upload-time = "2026-09-06T09:35:10.893Z" },
    { url = "https://files.pythonhosted.org/packages/ad/c3/26cd5ee278b21819c14dc74deb9b1b0002ec64f127c60495623a0c650549/pillow_heif-1.7.0-cp312-cp312-win_arm64.whl", hash = "sha256:78d77d94456d95444683b4539ffe3946554bcc25cad97564b60ae5cc7d22286c", size = 3851353, upload-time = "2026-09-06T09:35:12.765Z" },
    { url = "https://files.pythonhosted.org/packages/c4/56/f5aa099875cc881aa19bcd1b8c5ef3d97376a05bdc3b56487e49d01dd9be/pillow_heif-1.7.0-cp313-cp313-macosx_10_15_x86_64.whl", hash = "sha256:2c602d5177e46fca3e0491572d76ed4de66c63ac5aaef999e5b3a4c1fe101395", size = 4759721, upload-time = "2026-09-06T09:35:14.65Z" },
    { url = "https://files.pythonhosted.org/packages/0d/32/59dfe8f1799eef6a442fe5007e5c199b1961d33c7a56c64e0babc9d4a95c/pillow_heif-1.7.0-cp313-cp313-macosx_11_0_arm64.whl", hash = "sha256:9912a8301d469012fe2ba1f2da539b56de048aab3db649857b4ab5fa9a07919b", size = 4279534, upload-time = "2026-09-06T09:35:17.025Z" },
    { url = "https://files.pythonhosted.org/packages/f5/9c/f2ce4e20fcb898757c0793e56a1696e789a209e7082b9ca4c81e07089d0a/pillow_heif-1.7.0-cp313-cp313-manylinux_2_26_aarch64.manylinux_2_28_aarch64.whl", hash = "sha256:2fc18bacac527936118edca386c19b44a5e4e492b3d484284f990f47c0ec6443", size = 6366688, upload-time = "2026-09-06T09:35:19.329Z" },
    { url = "https://files.pythonhosted.org/packages/6d/a0/ed893eed7d7b6b1cc160a4ddd56d7c2ac1a2122d7c2e530ecd46c1b86c3c/pillow_heif-1.7.0-cp313-cp313-manylinux_2_27_x86_64.manylinux_2_28_x86_64.whl", hash = "sha256:25978cd8b765e30901d6f1fb39c5172ab9d9c00e1b1b39430e2243f3b4f3e9d8", size = 5620509, upload-time = "2026-09-06T09:35:21.912Z" },
    { url = "https://files.pythonhosted.org/packages/5c/a2/488b9e0d072b20dd34844e3967be7b22c5e9600e6af927a137a37e90c6e2/pillow_heif-1.7.0-cp313-cp313-musllinux_1_2_aarch64.whl", hash = "sha256:35d6be7a1633f8ebba25617b45f35893e5e4200f944a223090fd6f5e529caa51", size = 7399490, upload-time = "2026-09-06T09:35:23.91Z" },
    { url = "https://files.pythonhosted.org/packages/62/fd/a225a80f3b545c2aeb8eca8cfab3b98267aaa5c79df7b0908a17a99e95ca/pillow_heif-1.7.0-cp313-cp313-musllinux_1_2_x86_64.whl", hash = "sha256:0b8de90c07085a45182ca214911fbe211af0fd1c65c78deda108b4164d1586df", size = 6655639, upload-time = "2026-09-06T09:35:26.428Z" },
    { url = "https://files.pythonhosted.org/packages/25/16/e5a07da98b345f11fc9045b488a55442d4562398c839af939e1adf8c2c8f/pillow_heif-1.7.0-cp313-cp313-win_amd64.whl", hash = "sha256:722ccef14e47a254ef46fbf60863b8290e032d0ac998204f8e455e718a41cc64", size = 6583555, upload-time = "2026-09-06T09:35:28.592Z" },
    { url = "https://files.pythonhosted.org/packages/13/82/d607e549305a77be2a0b51308cab7a3a52db4801e47ab52ba1fab5664b53/pillow_heif-1.7.0-cp313-cp313-win_arm64.whl", hash = "sha256:429c975ecf438ab6417efbc171e9d601701202afe68298fe6055286583dfeb6f", size = 3851355, upload-time = "2026-09-06T09:35:30.643Z" },
    { url = "https://files.pythonhosted.org/packages/a7/cf/810c2ad915e017cdc129579093eddaa00017143de227b93a955ce97abc8b/pillow_heif-1.7.0-cp314-cp314-macosx_10_15_x86_64.whl", hash = "sha256:6188e8a4203be50366e24345e8fdb50f8f6af54ac6b1875a2fe21b17505e01ae", size = 4759761, upload-time = "2026-09-06T09:35:32.756Z" },
    { url = "https://files.pythonhosted.org/packages/ed/d2/3ac9f209ea5adebbbee6da55e28a3017b672370078feb5c2940526d5a57c/pillow_heif-1.7.0-cp314-cp314-macosx_11_0_arm64.whl", hash = "sha256:cbb155e2fe0c3c95414661b48bfc6972d53f94eaa487e0ccd29dd3ea17725b1a", size = 4279585, upload-time = "2026-09-06T09:35:34.617Z" },
    { url = "https://files.pythonhosted.org/packages/5e/04/d4481661a720860f48998575916ce5c19d62369b90155a58bbed3ea49e1a/pillow_heif-1.7.0-cp314-cp314-manylinux_2_26_aarch64.manylinux_2_28_aarch64.whl", hash = "sha256:09e29bd7d1cecfcbdb9041c3e2a2f1d6f9327ec3804d9035e2909ec88578f25d", size = 6366862, upload-time = "2026-09-06T09:35:36.85Z" },
    { url = "https://files.pythonhosted.org/packages/c1/20/fe24ebe67fcac47864b2966620958c21f403feda4fd37fdf4a7108134c17/pillow_heif-1.7.0-cp314-cp314-manylinux_2_27_x86_64.manylinux_2_28_x86_64.whl", hash = "sha256:850005a64f30b1905866d4ee4c99b09e3b4d5358873e95e64161bcc45ee9f406", size = 5620591, upload-time = "2026-09-06T09:35:38.821Z" },
    { url = "https://files.pythonhosted.org/packages/64/fb/332ff7e2ed90c8fe87a799221e25d762807073b2e6678bb9c6521cd7bc36/pillow_heif-1.7.0-cp314-cp314-musllinux_1_2_aarch64.whl", hash = "sha256:d62d25bb7d2db573b9386d1624bdb4bd7ba1b8b8aeb7989af06ae33b9333bc4f", size = 7399716, upload-time = "2026-09-06T09:35:40.849Z" },
    { url = "https://files.pythonhosted.org/packages/cd/b6/4ce87892f1db087ca4aad720c8694912b0cc4477ad27bb5b45a40caec5bd/pillow_heif-1.7.0-cp314-cp314-musllinux_1_2_x86_64.whl", hash = "sha256:4b7a259056bd7de5a5d56799f5ed01591d33c1a622aef18be8562db7979961d3", size = 6655686, upload-time = "2026-09-06T09:35:42.762Z" },
    { url = "https://files.pythonhosted.org/packages/02/d6/3234cad7323d3580fb15df02c9992b9a6d7b5878717cd8bc5fca526f0c28/pillow_heif-1.7.0-cp314-cp314-win_amd64.whl", hash = "sha256:21754c373ae59e69fcb1d568f64b5d7c8140f61d5114289dd753dcb2c4869c8b", size = 6762464, upload-time = "2026-09-06T09:35:45.933Z" },
    { url = "https://files.pythonhosted.org/packages/c8/cb/08c25c14a9d6cd64db7a303978c5d2994d5d294f233fcdb14d0928139569/pillow_heif-1.7.0-cp314-cp314-win_arm64.whl", hash = "sha256:f349f9591a19ef4ade9155595b646d3ce907fa95a33fada1b1cda89a441c305d", size = 4058274, upload-time = "2026-09-06T09:35:47.964Z" },
    { url = "https://files.pythonhosted.org/packages/9f/5a/e5083fc7dc247312f717dc418b0503d3cb6b83b2972dd004ba36df6fda99/pillow_heif-1.7.0-cp314-cp314t-macosx_10_15_x86_64.whl", hash = "sha256:43d79fa16ab142a9a48577417b3efa6ec2d7a610b8a5aa3c77548ecfeb30e473", size = 4760669, upload-time = "2026-09-06T09:35:50.051Z" },
    { url = "https://files.pythonhosted.org/packages/b6/4a/eadca94ba7e38dd9257a6814e71a30c8dedde54cac7be509057ff2d1bdaa/pillow_heif-1.7.0-cp314-cp314t-macosx_11_0_arm64.whl", hash = "sha256:1494eaf01de9b5571bf064f14239e0036d59e9e0db6c99ad47b9a216f6187383", size = 4280430, upload-time = "2026-09-06T09:35:51.88Z" },
    { url = "https://files.pythonhosted.org/packages/6f/43/e400e019d3e36d1c7e13c45633b8c36b072b378825b103c60d28611ba5b8/pillow_heif-1.7.0-cp314-cp314t-manylinux_2_26_aarch64.manylinux_2_28_aarch64.whl", hash = "sha256:52513a022d3fcf14993dcd7290df9b43bb92b5aa8471db79bb680b62c8378b7c", size = 6372810, upload-time = "2026-09-06T09:35:53.867Z" },
    { url = "https://files.pythonhosted.org/packages/c1/cf/bd34565fd81a32ff930894f2823bebed27a44e0954224f71d5ec597b1518/pillow_heif-1.7.0-cp314-cp314t-manylinux_2_27_x86_64.manylinux_2_28_x86_64.whl", hash = "sha256:2444f95432fd3556a915378789cbc1282e1da55a7f17633e8d928fa72e8fbc9a", size = 5624815, upload-time = "2026-09-06T09:35:55.856Z" },
    { url = "https://files.pythonhosted.org/packages/df/28/233c03f61e214ebb6213a48fba1ee4a17202244e1800ad92a884d02500ce/pillow_heif-1.7.0-cp314-cp314t-musllinux_1_2_aarch64.whl", hash = "sha256:f7af31a970c620b25dd144e3094ebf74162e72e08d367a1901a80ccb321859b2", size = 7404821, upload-time = "2026-09-06T09:35:58.076Z" },
    { url = "https://files.pythonhosted.org/packages/28/5a/0a836f5dac24a517f48b0871e31d234792246aa6e94fbeb2210da84b5b28/pillow_heif-1.7.0-cp314-cp314t-musllinux_1_2_x86_64.whl", hash = "sha256:3f70c05d9f732b54ffd226750cc0c2e0d89e4cfd9e19eeb88971c899406ecc98", size = 6659823, upload-time = "2026-09-06T09:36:00.416Z" },
    { url = "https://files.pythonhosted.org/packages/0b/2d/29365ea5bc00b0338cd2126da2eab5dc70fb2ea79ffad25a775b10c118cd/pillow_heif-1.7.0-cp314-cp314t-win_amd64.whl", hash = "sha256:988c0a49af25d856d2291cc5e86562d254a0956352dcfd4e2928c7e2e56dbf17", size = 6763115, upload-time = "2026-09-06T09:36:02.791Z" },
    { url = "https://files.pythonhosted.org/packages/fd/37/21e8bc38edc447c7dfa0bdcea431cf5f1a58a71736fa9e12462fa11d21cf/pillow_heif-1.7.0-cp314-cp314t-win_arm64.whl", hash = "sha256:6f211efb455f3daae0ef9c9615327fa864075ab24b664dd0734b2c7ac2c8572d", size = 4058776, upload-time = "2026-09-06T09:36:04.753Z" },
    { url = "https://files.pythonhosted.org/packages/ad/20/9c71eea91927ca295411d0ea60a909a41d20de11a00fe09221fcb05a070e/pillow_heif-1.7.0-cp315-cp315-macosx_10_15_x86_64.whl", hash = "sha256:5e4a1f37a71e870477ce23ab0232798e811415266c7ef5923dcd68ba4742a9af", size = 4759759, upload-time = "2026-09-06T09:36:06.68Z" },
    { url = "https://files.pythonhosted.org/packages/dc/8b/561a1ecd28623342b52622f96ce5661c42b0f89ea6872c315ee80b3af89e/pillow_heif-1.7.0-cp315-cp315-macosx_11_0_arm64.whl", hash = "sha256:e2f2b9116924a676c04f1e825758d73475d162bf17602bbd2c2ee3d4380cdf99", size = 4279463, upload-time = "2026-09-06T09:36:08.573Z" },
    { url = "https://files.pythonhosted.org/packages/d8/38/69437a171e5b42fdece78f8ed8791b9458c58ec65572301e03b672a5a29c/pillow_heif-1.7.0-cp315-cp315-manylinux_2_26_aarch64.manylinux_2_28_aarch64.whl", hash = "sha256:e4efb50275159e8a22783cdcbec278e69e39be49e344b09ca11e4b2fe9e1f504", size = 6367405, upload-time = "2026-09-06T09:36:10.831Z" },
    { url = "https://files.pythonhosted.org/packages/9d/b1/8e39198c99017f962507d593a941057e33e93bd526cab47c79f877ed2420/pillow_heif-1.7.0-cp315-cp315-manylinux_2_27_x86_64.manylinux_2_28_x86_64.whl", hash = "sha256:90c25eeae139de6b006e34a53c8fa69254234bb866e95684b8b905f4f84452df", size = 5621094, upload-time = "2026-09-06T09:36:13.065Z" },
    { url = "https://files.pythonhosted.org/packages/7e/97/8312facd4dd87577acfb2ac2c3d57c0b16aff402a31e3273c1d4cbc5430b/pillow_heif-1.7.0-cp315-cp315-musllinux_1_2_aarch64.whl", hash = "sha256:65a441dd236440816783875685a7d46f6ffc5ef1237581bf2e0c28c397e19b63", size = 7400244, upload-time = "2026-09-06T09:36:15.34Z" },
    { url = "https://files.pythonhosted.org/packages/83/2a/0066619ada3af41ec0cd7dad794ff1046201747fcbf21b70e4ca285df43f/pillow_heif-1.7.0-cp315-cp315-musllinux_1_2_x86_64.whl", hash = "sha256:f599d543d319156a445a7784054467e70c16f7da1753f35ad6dc7805d4b6a4aa", size = 6656169, upload-time = "2026-09-06T09:36:17.579Z" },
    { url = "https://files.pythonhosted.org/packages/bf/54/d96685598622e3e5f740eaa8a94e6f87cb5b60ff87638f53c46a2d63117e/pillow_heif-1.7.0-cp315-cp315-win_amd64.whl", hash = "sha256:3c1f67683ebe28e2ffa017b3a653a0f16441b2e446ca269c6e92cb53061c8eff", size = 6762466, upload-time = "2026-09-06T09:36:19.895Z" },
    { url = "https://files.pythonhosted.org/packages/8a/7f/71cb93a33126f7721d325beb113042e2029028bef7d68704ee00d8f87c9a/pillow_heif-1.7.0-cp315-cp315-win_arm64.whl", hash = "sha256:8a5934112075dd9de8747ddc1a3a6821fe6a53dbafd0e2409b7efede87ca184d", size = 4058273, upload-time = "2026-09-06T09:36:22.526Z" },
    { url = "https://files.pythonhosted.org/packages/30/1c/7754d8702db4b03038243c7cc814be4f41f3949742b87b7648531ec8d92b/pillow_heif-1.7.0-cp315-cp315t-macosx_10_15_x86_64.whl", hash = "sha256:82c06a57830c81c4c374c9f7cd82e8f90a1ef70392d4d03e714c8d33dcaac8ac", size = 4760671, upload-time = "2026-09-06T09:36:24.487Z" },
    { url = "https://files.pythonhosted.org/packages/c1/c5/b1f1762fb61481cd49f6d8013820ba1073e98b91f9a324047d583582b981/pillow_heif-1.7.0-cp315-cp315t-macosx_11_0_arm64.whl", hash = "sha256:692cfd7c3a66bb8acb8a32f784d529261727d42692cb068e2e33b28acb3c698b", size = 4280315, upload-time = "2026-09-06T09:36:26.326Z" },
    { url = "https://files.pythonhosted.org/packages/3a/5c/602eb28c80b9f5d4f56a30d0ae3905f5e494f5e15e24363933c0a741e1bb/pillow_heif-1.7.0-cp315-cp315t-manylinux_2_26_aarch64.manylinux_2_28_aarch64.whl", hash = "sha256:ec6fa696e1a8ba618c74602c6dd42020364a9d4ab65f3b715063a734785cfa32", size = 6373370, upload-time = "2026-09-06T09:36:28.383Z" },
    { url = "https://files.pythonhosted.org/packages/de/00/714b375eba2bfe293076c49e0dc74fd7dd9f021a23f5d30cbd11f7fe6174/pillow_heif-1.7.0-cp315-cp315t-manylinux_2_27_x86_64.manylinux_2_28_x86_64.whl", hash = "sha256:80d168b3337ac5982cd3f78458301da63ab0f6089095ad99cfe95bcde3c5422d", size = 5625421, upload-time = "2026-09-06T09:36:30.828Z" },
    { url = "https://files.pythonhosted.org/packages/05/a8/857319381b23465a383be35b6eb408f0666b55793e3ea40e6044d3a2b3c5/pillow_heif-1.7.0-cp315-cp315t-musllinux_1_2_aarch64.whl", hash = "sha256:a2dc2a387f5d73dbb1046f8e5cc03de12a98fe3d24b279bb820581cf8e578759", size = 7405426, upload-time = "2026-09-06T09:36:33.357Z" },
    { url = "https://files.pythonhosted.org/packages/ff/21/00f694f2e58ffd4e3f2b50913257c7a344acef984b4760828c46e932e619/pillow_heif-1.7.0-cp315-cp315t-musllinux_1_2_x86_64.whl", hash = "sha256:f79143e66081c5e4433330ddb0908f494d7aab0034b7809b9d51ec4598583793", size = 6660429, upload-time = "2026-09-06T09:36:35.754Z" },
    { url = "https://files.pythonhosted.org/packages/17/b8/c338dd8ad8da2f01b2061080713dfcc9f2b06495c21a73f06a11a6955baa/pillow_heif-1.7.0-cp315-cp315t-win_amd64.whl", hash = "sha256:0480dc54e6000fa5a6ec3a9749bc1dfb18e040ee36b355e6c2bda9f5e62dceea", size = 6763112, upload-time = "2026-09-06T09:36:37.735Z" },
    { url = "https://files.pythonhosted.org/packages/db/1a/ac10f1d216c15cea044cbaf9e583fe7fe5682ebc2285a1d79285e8fb55d6/pillow_heif-1.7.0-cp315-cp315t-win_arm64.whl", hash = "sha256:728a2a80eff96287708a9030ea47fa161dfae0d6308551ac59cd8717e8339d9a", size = 4058774, upload-time = "2026-09-06T09:36:39.908Z" },
    { url = "https://files.pythonhosted.org/packages/d1/28/ad58e9e3be95105658705eec3b9a2b1dce7ad73d543463cfb5e1e483bac8/pillow_heif-1.7.0-pp311-pypy311_pp73-macosx_10_15_x86_64.whl", hash = "sha256:28e9d787079d8f7e937c6482a3cb2cd816fa23a763d3056e563a8f8a9743c0a1", size = 4747497, upload-time = "2026-09-06T09:36:41.846Z" },
    { url = "https://files.pythonhosted.org/packages/e2/f6/2fd98449b811b391e200500b615c327f5cdaa559788e3ac81b69a694af01/pillow_heif-1.7.0-pp311-pypy311_pp73-macosx_11_0_arm64.whl", hash = "sha256:9ef4a6dd7868f1789d9e0496c83a567903adc947a410338504839b00fe755484", size = 4276386, upload-time = "2026-09-06T09:36:43.691Z" },
    { url = "https://files.pythonhosted.org/packages/26/33/b5594f4838765c0d8ea247dce5ba5f6631fbda6adac24cc349fc80d667f1/pillow_heif-1.7.0-pp311-pypy311_pp73-manylinux_2_26_aarch64.manylinux_2_28_aarch64.whl", hash = "sha256:bc5f92590ac3be371cb5af448918e33e2aaf7770a075e26f5bec10d9c90b2c61", size = 6322385, upload-time = "2026-09-06T09:36:45.862Z" },
    { url = "https://files.pythonhosted.org/packages/f2/21/67716eba85d369c177f5aad65b23ac89db0ff758a840e0a6519de55cd9a2/pillow_heif-1.7.0-pp311-pypy311_pp73-manylinux_2_27_x86_64.manylinux_2_28_x86_64.whl", hash = "sha256:5c6e5ea1084caa5ae9f0571eaa46cb8a584ac32943fb8946b085bb2bce4aa052", size = 5572048, upload-time = "2026-09-06T09:36:48.172Z" },
    { url = "https://files.pythonhosted.org/packages/0b/22/73bc097c0bbc571b5f2cc4596290528b220dbdaa4217e3d7d2658f1af68e/pillow_heif-1.7.0-pp311-pypy311_pp73-win_amd64.whl", hash = "sha256:3c9350ccbd854b67736f84ebafaa4363d2bb45cdb66e71c323032aab166e8633", size = 6583858, upload-time = "2026-09-06T09:36:50.398Z" },
]

[[package]]
name = "tqdm"
version = "4.70.1"
source = { registry = "https://pypi.org/simple" }
dependencies = [
    { name = "colorama", marker = "sys_platform == 'win32'" },
]
sdist = { url = "https://files.pythonhosted.org/packages/0d/ea/b2a5bd54b28a324dae8211928b2d730b6547500342c7e6c6dea08bd0a485/tqdm-4.70.1.tar.gz", hash = "sha256:cefd0eca11b2a37a3aee776544d4f4ae913f02688135b5556b8788dfa474afc4", size = 171846, upload-time = "2026-09-11T07:25:16.601Z" }
wheels = [
    { url = "https://files.pythonhosted.org/packages/a7/03/921a3d3c75785aca9ebfbfcabfbc3a1be12e2ab5265deb026d55a5a3f83e/tqdm-4.70.1-py3-none-any.whl", hash = "sha256:c293e525e6fef9c20e8728fd4612df02a0aa31bb5fe91ecd93e123b1b7bffa73", size = 80199, upload-time = "2026-09-11T07:25:14.599Z" },
]
